
Microsoft Visual Studio Solution File, Format Version 12.00
# Visual Studio Version 17
VisualStudioVersion = 17.14.36212.18
MinimumVisualStudioVersion = 10.0.40219.1
Project("{FAE04EC0-301F-11D3-BF4B-00C04F79EFBC}") = "BlazorSyncFusion", "BlazorSyncFusion\BlazorSyncFusion\BlazorSyncFusion.csproj", "{D44AEE0A-4A98-45AF-85E5-02BC4A5E9E01}"
EndProject
Project("{FAE04EC0-301F-11D3-BF4B-00C04F79EFBC}") = "BlazorSyncFusion.Client", "BlazorSyncFusion\BlazorSyncFusion.Client\BlazorSyncFusion.Client.csproj", "{A4C7D264-7224-4EC8-B88D-55733D4E67F8}"
EndProject
Project("{FAE04EC0-301F-11D3-BF4B-00C04F79EFBC}") = "BlazorSyncFusion.Shared", "BlazorSyncFusion.Shared\BlazorSyncFusion.Shared.csproj", "{39B73D25-B6E1-43E8-8A64-8723E4805218}"
EndProject
Global
	GlobalSection(SolutionConfigurationPlatforms) = preSolution
		Debug|Any CPU = Debug|Any CPU
		Release|Any CPU = Release|Any CPU
	EndGlobalSection
	GlobalSection(ProjectConfigurationPlatforms) = postSolution
		{D44AEE0A-4A98-45AF-85E5-02BC4A5E9E01}.Debug|Any CPU.ActiveCfg = Debug|Any CPU
		{D44AEE0A-4A98-45AF-85E5-02BC4A5E9E01}.Debug|Any CPU.Build.0 = Debug|Any CPU
		{D44AEE0A-4A98-45AF-85E5-02BC4A5E9E01}.Release|Any CPU.ActiveCfg = Release|Any CPU
		{D44AEE0A-4A98-45AF-85E5-02BC4A5E9E01}.Release|Any CPU.Build.0 = Release|Any CPU
		{A4C7D264-7224-4EC8-B88D-55733D4E67F8}.Debug|Any CPU.ActiveCfg = Debug|Any CPU
		{A4C7D264-7224-4EC8-B88D-55733D4E67F8}.Debug|Any CPU.Build.0 = Debug|Any CPU
		{A4C7D264-7224-4EC8-B88D-55733D4E67F8}.Release|Any CPU.ActiveCfg = Release|Any CPU
		{A4C7D264-7224-4EC8-B88D-55733D4E67F8}.Release|Any CPU.Build.0 = Release|Any CPU
		{39B73D25-B6E1-43E8-8A64-8723E4805218}.Debug|Any CPU.ActiveCfg = Debug|Any CPU
		{39B73D25-B6E1-43E8-8A64-8723E4805218}.Debug|Any CPU.Build.0 = Debug|Any CPU
		{39B73D25-B6E1-43E8-8A64-8723E4805218}.Release|Any CPU.ActiveCfg = Release|Any CPU
		{39B73D25-B6E1-43E8-8A64-8723E4805218}.Release|Any CPU.Build.0 = Release|Any CPU
	EndGlobalSection
	GlobalSection(SolutionProperties) = preSolution
		HideSolutionNode = FALSE
	EndGlobalSection
	GlobalSection(ExtensibilityGlobals) = postSolution
		SolutionGuid = {F4FF80CB-21D7-4A39-BF0F-B5A559295C6A}
	EndGlobalSection
EndGlobal
